
Microsoft Visual Studio Solution File, Format Version 12.00
# Visual Studio Version 16
VisualStudioVersion = 16.0.30717.126
MinimumVisualStudioVersion = 10.0.40219.1
Project("{FAE04EC0-301F-11D3-BF4B-00C04F79EFBC}") = "TEST2", "TEST2.csproj", "{D2C00AE4-D40C-4B4E-A1B4-817258A5CCAC}"
EndProject
Global
	GlobalSection(SolutionConfigurationPlatforms) = preSolution
		Debug|Any CPU = Debug|Any CPU
		Release|Any CPU = Release|Any CPU
	EndGlobalSection
	GlobalSection(ProjectConfigurationPlatforms) = postSolution
		{D2C00AE4-D40C-4B4E-A1B4-817258A5CCAC}.Debug|Any CPU.ActiveCfg = Debug|Any CPU
		{D2C00AE4-D40C-4B4E-A1B4-817258A5CCAC}.Debug|Any CPU.Build.0 = Debug|Any CPU
		{D2C00AE4-D40C-4B4E-A1B4-817258A5CCAC}.Release|Any CPU.ActiveCfg = Release|Any CPU
		{D2C00AE4-D40C-4B4E-A1B4-817258A5CCAC}.Release|Any CPU.Build.0 = Release|Any CPU
	EndGlobalSection
	GlobalSection(SolutionProperties) = preSolution
		HideSolutionNode = FALSE
	EndGlobalSection
	GlobalSection(ExtensibilityGlobals) = postSolution
		SolutionGuid = {771030AD-9602-4467-BC62-6F31942DAFB6}
	EndGlobalSection
EndGlobal
